Microsoft Visual Studio Solution File, Format Version 12.00
# Visual Studio Version 17
VisualStudioVersion = 17.5.2.0
MinimumVisualStudioVersion = 10.0.40219.1
Project("{FAE04EC0-301F-11D3-BF4B-00C04F79EFBC}") = "Farrellsoft.AgentServer", "Farrellsoft.AgentServer.csproj", "{68CDF161-B8EF-DF18-D61A-6F7731A39509}"
EndProject
Global
	GlobalSection(SolutionConfigurationPlatforms) = preSolution
		Debug|Any CPU = Debug|Any CPU
		Release|Any CPU = Release|Any CPU
	EndGlobalSection
	GlobalSection(ProjectConfigurationPlatforms) = postSolution
		{68CDF161-B8EF-DF18-D61A-6F7731A39509}.Debug|Any CPU.ActiveCfg = Debug|Any CPU
		{68CDF161-B8EF-DF18-D61A-6F7731A39509}.Debug|Any CPU.Build.0 = Debug|Any CPU
		{68CDF161-B8EF-DF18-D61A-6F7731A39509}.Release|Any CPU.ActiveCfg = Release|Any CPU
		{68CDF161-B8EF-DF18-D61A-6F7731A39509}.Release|Any CPU.Build.0 = Release|Any CPU
	EndGlobalSection
	GlobalSection(SolutionProperties) = preSolution
		HideSolutionNode = FALSE
	EndGlobalSection
	GlobalSection(ExtensibilityGlobals) = postSolution
		SolutionGuid = {812C2834-7DDA-4D99-A655-F7A523A3A654}
	EndGlobalSection
EndGlobal
