Microsoft Visual Studio Solution File, Format Version 12.00
# Visual Studio Version 17
VisualStudioVersion = 17.5.2.0
MinimumVisualStudioVersion = 10.0.40219.1
Project("{FAE04EC0-301F-11D3-BF4B-00C04F79EFBC}") = "Farrellsoft.MCP.Weather", "Farrellsoft.MCP.Weather.csproj", "{D076D67A-87B5-821B-A481-9E2CA17A61AA}"
EndProject
Global
	GlobalSection(SolutionConfigurationPlatforms) = preSolution
		Debug|Any CPU = Debug|Any CPU
		Release|Any CPU = Release|Any CPU
	EndGlobalSection
	GlobalSection(ProjectConfigurationPlatforms) = postSolution
		{D076D67A-87B5-821B-A481-9E2CA17A61AA}.Debug|Any CPU.ActiveCfg = Debug|Any CPU
		{D076D67A-87B5-821B-A481-9E2CA17A61AA}.Debug|Any CPU.Build.0 = Debug|Any CPU
		{D076D67A-87B5-821B-A481-9E2CA17A61AA}.Release|Any CPU.ActiveCfg = Release|Any CPU
		{D076D67A-87B5-821B-A481-9E2CA17A61AA}.Release|Any CPU.Build.0 = Release|Any CPU
	EndGlobalSection
	GlobalSection(SolutionProperties) = preSolution
		HideSolutionNode = FALSE
	EndGlobalSection
	GlobalSection(ExtensibilityGlobals) = postSolution
		SolutionGuid = {A4CF1CD5-FDD4-46A8-8DA0-E5144C98052E}
	EndGlobalSection
EndGlobal
